
Microsoft Visual Studio Solution File, Format Version 12.00
# Visual Studio Version 17
VisualStudioVersion = 17.4.33205.214
MinimumVisualStudioVersion = 10.0.40219.1
Project("{FAE04EC0-301F-11D3-BF4B-00C04F79EFBC}") = "PraticandoBasic", "PraticandoBasic\PraticandoBasic.csproj", "{1EB6F4E8-B722-4AD2-8A24-9B69D9B3A7EB}"
EndProject
Global
	GlobalSection(SolutionConfigurationPlatforms) = preSolution
		Debug|Any CPU = Debug|Any CPU
		Release|Any CPU = Release|Any CPU
	EndGlobalSection
	GlobalSection(ProjectConfigurationPlatforms) = postSolution
		{1EB6F4E8-B722-4AD2-8A24-9B69D9B3A7EB}.Debug|Any CPU.ActiveCfg = Debug|Any CPU
		{1EB6F4E8-B722-4AD2-8A24-9B69D9B3A7EB}.Debug|Any CPU.Build.0 = Debug|Any CPU
		{1EB6F4E8-B722-4AD2-8A24-9B69D9B3A7EB}.Release|Any CPU.ActiveCfg = Release|Any CPU
		{1EB6F4E8-B722-4AD2-8A24-9B69D9B3A7EB}.Release|Any CPU.Build.0 = Release|Any CPU
	EndGlobalSection
	GlobalSection(SolutionProperties) = preSolution
		HideSolutionNode = FALSE
	EndGlobalSection
	GlobalSection(ExtensibilityGlobals) = postSolution
		SolutionGuid = {44C39F84-873F-422B-9A93-D83807E61505}
	EndGlobalSection
EndGlobal
